
Microsoft Visual Studio Solution File, Format Version 11.00
# Visual Studio 10
Project("{E24C65DC-7377-472B-9ABA-BC803B73C61A}") = "Enrolment", ".", "{942B40A8-10DA-4996-A132-4ED4BC55BFFF}"
	ProjectSection(WebsiteProperties) = preProject
		TargetFrameworkMoniker = ".NETFramework,Version=v4.0"
		Debug.AspNetCompiler.VirtualPath = "/Enrolment"
		Debug.AspNetCompiler.PhysicalPath = "..\Enrolment\"
		Debug.AspNetCompiler.TargetPath = "PrecompiledWeb\Enrolment\"
		Debug.AspNetCompiler.Updateable = "true"
		Debug.AspNetCompiler.ForceOverwrite = "true"
		Debug.AspNetCompiler.FixedNames = "false"
		Debug.AspNetCompiler.Debug = "True"
		Release.AspNetCompiler.VirtualPath = "/Enrolment"
		Release.AspNetCompiler.PhysicalPath = "..\Enrolment\"
		Release.AspNetCompiler.TargetPath = "PrecompiledWeb\Enrolment\"
		Release.AspNetCompiler.Updateable = "true"
		Release.AspNetCompiler.ForceOverwrite = "true"
		Release.AspNetCompiler.FixedNames = "false"
		Release.AspNetCompiler.Debug = "False"
		VWDPort = "3042"
	EndProjectSection
EndProject
Global
	GlobalSection(SolutionConfigurationPlatforms) = preSolution
		Debug|Any CPU = Debug|Any CPU
	EndGlobalSection
	GlobalSection(ProjectConfigurationPlatforms) = postSolution
		{942B40A8-10DA-4996-A132-4ED4BC55BFFF}.Debug|Any CPU.ActiveCfg = Debug|Any CPU
		{942B40A8-10DA-4996-A132-4ED4BC55BFFF}.Debug|Any CPU.Build.0 = Debug|Any CPU
	EndGlobalSection
	GlobalSection(SolutionProperties) = preSolution
		HideSolutionNode = FALSE
	EndGlobalSection
EndGlobal
